
Microsoft Visual Studio Solution File, Format Version 12.00
# Visual Studio Version 16
VisualStudioVersion = 16.0.31025.194
MinimumVisualStudioVersion = 10.0.40219.1
Project("{FAE04EC0-301F-11D3-BF4B-00C04F79EFBC}") = "OrderAppWebApi", "OrderAppWebApi\OrderAppWebApi.csproj", "{96FAE1E2-4EA9-4FF5-B854-93CD83F1EFFB}"
EndProject
Global
	GlobalSection(SolutionConfigurationPlatforms) = preSolution
		Debug|Any CPU = Debug|Any CPU
		Release|Any CPU = Release|Any CPU
	EndGlobalSection
	GlobalSection(ProjectConfigurationPlatforms) = postSolution
		{96FAE1E2-4EA9-4FF5-B854-93CD83F1EFFB}.Debug|Any CPU.ActiveCfg = Debug|Any CPU
		{96FAE1E2-4EA9-4FF5-B854-93CD83F1EFFB}.Debug|Any CPU.Build.0 = Debug|Any CPU
		{96FAE1E2-4EA9-4FF5-B854-93CD83F1EFFB}.Release|Any CPU.ActiveCfg = Release|Any CPU
		{96FAE1E2-4EA9-4FF5-B854-93CD83F1EFFB}.Release|Any CPU.Build.0 = Release|Any CPU
	EndGlobalSection
	GlobalSection(SolutionProperties) = preSolution
		HideSolutionNode = FALSE
	EndGlobalSection
	GlobalSection(ExtensibilityGlobals) = postSolution
		SolutionGuid = {EBFCDECD-3C24-49D1-BDD1-83A7AAD8C6C1}
	EndGlobalSection
EndGlobal
